// !$*UTF8*$!
{
	archiveVersion = 1;
	classes = {
	};
	objectVersion = 46;
	objects = {

/* Begin PBXBuildFile section */
		2D2EDBF118CEB94D0091C21F /* ScoreFont.atlas in Resources */ = {isa = PBXBuildFile; fileRef = 2D2EDBEC18CEB94D0091C21F /* ScoreFont.atlas */; };
		2D2EDBF218CEB94D0091C21F /* ScoreFont.xml in Resources */ = {isa = PBXBuildFile; fileRef = 2D2EDBED18CEB94D0091C21F /* ScoreFont.xml */; };
		2D2EDBF318CEB94D0091C21F /* ScoreFont@2x~ipad.xml in Resources */ = {isa = PBXBuildFile; fileRef = 2D2EDBEE18CEB94D0091C21F /* ScoreFont@2x~ipad.xml */; };
		2D2EDBF418CEB94D0091C21F /* ScoreFont@2x~iphone.xml in Resources */ = {isa = PBXBuildFile; fileRef = 2D2EDBEF18CEB94D0091C21F /* ScoreFont@2x~iphone.xml */; };
		2D2EDBF518CEB94D0091C21F /* ScoreFont~ipad.xml in Resources */ = {isa = PBXBuildFile; fileRef = 2D2EDBF018CEB94D0091C21F /* ScoreFont~ipad.xml */; };
		2D3B620618CE839100BFEC6A /* Main_iPad.storyboard in Resources */ = {isa = PBXBuildFile; fileRef = 2D3B620418CE839100BFEC6A /* Main_iPad.storyboard */; };
		2D86D84818BBDF980053D1DC /* Foundation.framework in Frameworks */ = {isa = PBXBuildFile; fileRef = 2D86D84718BBDF980053D1DC /* Foundation.framework */; };
		2D86D84A18BBDF980053D1DC /* CoreGraphics.framework in Frameworks */ = {isa = PBXBuildFile; fileRef = 2D86D84918BBDF980053D1DC /* CoreGraphics.framework */; };
		2D86D84C18BBDF980053D1DC /* UIKit.framework in Frameworks */ = {isa = PBXBuildFile; fileRef = 2D86D84B18BBDF980053D1DC /* UIKit.framework */; };
		2D86D84E18BBDF980053D1DC /* SpriteKit.framework in Frameworks */ = {isa = PBXBuildFile; fileRef = 2D86D84D18BBDF980053D1DC /* SpriteKit.framework */; };
		2D86D85418BBDF980053D1DC /* InfoPlist.strings in Resources */ = {isa = PBXBuildFile; fileRef = 2D86D85218BBDF980053D1DC /* InfoPlist.strings */; };
		2D86D85D18BBDF980053D1DC /* Main_iPhone.storyboard in Resources */ = {isa = PBXBuildFile; fileRef = 2D86D85B18BBDF980053D1DC /* Main_iPhone.storyboard */; };
		2D86D86A18BBDF980053D1DC /* Images.xcassets in Resources */ = {isa = PBXBuildFile; fileRef = 2D86D86918BBDF980053D1DC /* Images.xcassets */; };
		2DC790FA18C4ECE200CF44BC /* bird_anim.atlas in Resources */ = {isa = PBXBuildFile; fileRef = 2DC790D718C4ECE200CF44BC /* bird_anim.atlas */; };
		2DC790FE18C4ECE200CF44BC /* sprites.atlas in Resources */ = {isa = PBXBuildFile; fileRef = 2DC790DC18C4ECE200CF44BC /* sprites.atlas */; };
		2DDBBF9518CB81840077CBFD /* AudioToolbox.framework in Frameworks */ = {isa = PBXBuildFile; fileRef = 2DDBBF9418CB81840077CBFD /* AudioToolbox.framework */; };
		2DDBBF9718CB818B0077CBFD /* AVFoundation.framework in Frameworks */ = {isa = PBXBuildFile; fileRef = 2DDBBF9618CB818B0077CBFD /* AVFoundation.framework */; };
		AF2502042F6CAB0700100C96 /* ABGameScene.swift in Sources */ = {isa = PBXBuildFile; fileRef = AF2501FE2F6CAB0700100C96 /* ABGameScene.swift */; };
		AF2502052F6CAB0700100C96 /* ABPlayer.swift in Sources */ = {isa = PBXBuildFile; fileRef = AF2502002F6CAB0700100C96 /* ABPlayer.swift */; };
		AF2502062F6CAB0700100C96 /* ABNormalBird.swift in Sources */ = {isa = PBXBuildFile; fileRef = AF2501FF2F6CAB0700100C96 /* ABNormalBird.swift */; };
		AF2502072F6CAB0700100C96 /* ABGameCharacter.swift in Sources */ = {isa = PBXBuildFile; fileRef = AF2501FD2F6CAB0700100C96 /* ABGameCharacter.swift */; };
		AF2502082F6CAB0700100C96 /* ABSceneDelegate.swift in Sources */ = {isa = PBXBuildFile; fileRef = AF2502012F6CAB0700100C96 /* ABSceneDelegate.swift */; };
		AF2502092F6CAB0700100C96 /* ABStarField.swift in Sources */ = {isa = PBXBuildFile; fileRef = AF2502022F6CAB0700100C96 /* ABStarField.swift */; };
		AF25020A2F6CAB0700100C96 /* ABAppDelegate.swift in Sources */ = {isa = PBXBuildFile; fileRef = AF2501FB2F6CAB0700100C96 /* ABAppDelegate.swift */; };
		AF25020B2F6CAB0700100C96 /* ABViewController.swift in Sources */ = {isa = PBXBuildFile; fileRef = AF2502032F6CAB0700100C96 /* ABViewController.swift */; };
		AF25020C2F6CAB0700100C96 /* ABCloud.swift in Sources */ = {isa = PBXBuildFile; fileRef = AF2501FC2F6CAB0700100C96 /* ABCloud.swift */; };
		AFB857AE2F6C7F6500689896 /* LaunchScreen.storyboard in Resources */ = {isa = PBXBuildFile; fileRef = AFB857AC2F6C7F6500689896 /* LaunchScreen.storyboard */; };
/* End PBXBuildFile section */

/* Begin PBXFileReference section */
		2D2EDBEC18CEB94D0091C21F /* ScoreFont.atlas */ = {isa = PBXFileReference; lastKnownFileType = folder.skatlas; path = ScoreFont.atlas; sourceTree = "<group>"; };
		2D2EDBED18CEB94D0091C21F /* ScoreFont.xml */ = {isa = PBXFileReference; fileEncoding = 4; lastKnownFileType = text.xml; path = ScoreFont.xml; sourceTree = "<group>"; };
		2D2EDBEE18CEB94D0091C21F /* ScoreFont@2x~ipad.xml */ = {isa = PBXFileReference; fileEncoding = 4; lastKnownFileType = text.xml; path = "ScoreFont@2x~ipad.xml"; sourceTree = "<group>"; };
		2D2EDBEF18CEB94D0091C21F /* ScoreFont@2x~iphone.xml */ = {isa = PBXFileReference; fileEncoding = 4; lastKnownFileType = text.xml; path = "ScoreFont@2x~iphone.xml"; sourceTree = "<group>"; };
		2D2EDBF018CEB94D0091C21F /* ScoreFont~ipad.xml */ = {isa = PBXFileReference; fileEncoding = 4; lastKnownFileType = text.xml; path = "ScoreFont~ipad.xml"; sourceTree = "<group>"; };
		2D3B620518CE839100BFEC6A /* Base */ = {isa = PBXFileReference; lastKnownFileType = file.storyboard; name = Base; path = Base.lproj/Main_iPad.storyboard; sourceTree = "<group>"; };
		2D86D84418BBDF980053D1DC /* Amazing Bird.app */ = {isa = PBXFileReference; explicitFileType = wrapper.application; includeInIndex = 0; path = "Amazing Bird.app"; sourceTree = BUILT_PRODUCTS_DIR; };
		2D86D84718BBDF980053D1DC /* Foundation.framework */ = {isa = PBXFileReference; lastKnownFileType = wrapper.framework; name = Foundation.framework; path = System/Library/Frameworks/Foundation.framework; sourceTree = SDKROOT; };
		2D86D84918BBDF980053D1DC /* CoreGraphics.framework */ = {isa = PBXFileReference; lastKnownFileType = wrapper.framework; name = CoreGraphics.framework; path = System/Library/Frameworks/CoreGraphics.framework; sourceTree = SDKROOT; };
		2D86D84B18BBDF980053D1DC /* UIKit.framework */ = {isa = PBXFileReference; lastKnownFileType = wrapper.framework; name = UIKit.framework; path = System/Library/Frameworks/UIKit.framework; sourceTree = SDKROOT; };
		2D86D84D18BBDF980053D1DC /* SpriteKit.framework */ = {isa = PBXFileReference; lastKnownFileType = wrapper.framework; name = SpriteKit.framework; path = System/Library/Frameworks/SpriteKit.framework; sourceTree = SDKROOT; };
		2D86D85118BBDF980053D1DC /* Amazing Bird-Info.plist */ = {isa = PBXFileReference; lastKnownFileType = text.plist.xml; path = "Amazing Bird-Info.plist"; sourceTree = "<group>"; };
		2D86D85318BBDF980053D1DC /* en */ = {isa = PBXFileReference; lastKnownFileType = text.plist.strings; name = en; path = en.lproj/InfoPlist.strings; sourceTree = "<group>"; };
		2D86D85C18BBDF980053D1DC /* Base */ = {isa = PBXFileReference; lastKnownFileType = file.storyboard; name = Base; path = Base.lproj/Main_iPhone.storyboard; sourceTree = "<group>"; };
		2D86D86918BBDF980053D1DC /* Images.xcassets */ = {isa = PBXFileReference; lastKnownFileType = folder.assetcatalog; path = Images.xcassets; sourceTree = "<group>"; };
		2D86D87018BBDF990053D1DC /* XCTest.framework */ = {isa = PBXFileReference; lastKnownFileType = wrapper.framework; name = XCTest.framework; path = Library/Frameworks/XCTest.framework; sourceTree = DEVELOPER_DIR; };
		2DC790D718C4ECE200CF44BC /* bird_anim.atlas */ = {isa = PBXFileReference; lastKnownFileType = folder.skatlas; path = bird_anim.atlas; sourceTree = "<group>"; };
		2DC790DC18C4ECE200CF44BC /* sprites.atlas */ = {isa = PBXFileReference; lastKnownFileType = folder.skatlas; path = sprites.atlas; sourceTree = "<group>"; };
		2DDBBF9418CB81840077CBFD /* AudioToolbox.framework */ = {isa = PBXFileReference; lastKnownFileType = wrapper.framework; name = AudioToolbox.framework; path = System/Library/Frameworks/AudioToolbox.framework; sourceTree = SDKROOT; };
		2DDBBF9618CB818B0077CBFD /* AVFoundation.framework */ = {isa = PBXFileReference; lastKnownFileType = wrapper.framework; name = AVFoundation.framework; path = System/Library/Frameworks/AVFoundation.framework; sourceTree = SDKROOT; };
		AF2501FB2F6CAB0700100C96 /* ABAppDelegate.swift */ = {isa = PBXFileReference; lastKnownFileType = sourcecode.swift; path = ABAppDelegate.swift; sourceTree = "<group>"; };
		AF2501FC2F6CAB0700100C96 /* ABCloud.swift */ = {isa = PBXFileReference; lastKnownFileType = sourcecode.swift; name = ABCloud.swift; path = Sprites/ABCloud.swift; sourceTree = "<group>"; };
		AF2501FD2F6CAB0700100C96 /* ABGameCharacter.swift */ = {isa = PBXFileReference; lastKnownFileType = sourcecode.swift; name = ABGameCharacter.swift; path = Sprites/ABGameCharacter.swift; sourceTree = "<group>"; };
		AF2501FE2F6CAB0700100C96 /* ABGameScene.swift */ = {isa = PBXFileReference; lastKnownFileType = sourcecode.swift; name = ABGameScene.swift; path = Scene/ABGameScene.swift; sourceTree = "<group>"; };
		AF2501FF2F6CAB0700100C96 /* ABNormalBird.swift */ = {isa = PBXFileReference; lastKnownFileType = sourcecode.swift; name = ABNormalBird.swift; path = Sprites/ABNormalBird.swift; sourceTree = "<group>"; };
		AF2502002F6CAB0700100C96 /* ABPlayer.swift */ = {isa = PBXFileReference; lastKnownFileType = sourcecode.swift; name = ABPlayer.swift; path = Scene/ABPlayer.swift; sourceTree = "<group>"; };
		AF2502012F6CAB0700100C96 /* ABSceneDelegate.swift */ = {isa = PBXFileReference; lastKnownFileType = sourcecode.swift; path = ABSceneDelegate.swift; sourceTree = "<group>"; };
		AF2502022F6CAB0700100C96 /* ABStarField.swift */ = {isa = PBXFileReference; lastKnownFileType = sourcecode.swift; name = ABStarField.swift; path = Scene/ABStarField.swift; sourceTree = "<group>"; };
		AF2502032F6CAB0700100C96 /* ABViewController.swift */ = {isa = PBXFileReference; lastKnownFileType = sourcecode.swift; path = ABViewController.swift; sourceTree = "<group>"; };
		AFB857AD2F6C7F6500689896 /* Base */ = {isa = PBXFileReference; lastKnownFileType = file.storyboard; name = Base; path = "Amazing Bird/Base.lproj/LaunchScreen.storyboard"; sourceTree = SOURCE_ROOT; };
/* End PBXFileReference section */

/* Begin PBXFrameworksBuildPhase section */
		2D86D84118BBDF980053D1DC /* Frameworks */ = {
			isa = PBXFrameworksBuildPhase;
			buildActionMask = 2147483647;
			files = (
				2D86D84A18BBDF980053D1DC /* CoreGraphics.framework in Frameworks */,
				2DDBBF9718CB818B0077CBFD /* AVFoundation.framework in Frameworks */,
				2DDBBF9518CB81840077CBFD /* AudioToolbox.framework in Frameworks */,
				2D86D84C18BBDF980053D1DC /* UIKit.framework in Frameworks */,
				2D86D84E18BBDF980053D1DC /* SpriteKit.framework in Frameworks */,
				2D86D84818BBDF980053D1DC /* Foundation.framework in Frameworks */,
			);
			runOnlyForDeploymentPostprocessing = 0;
		};
/* End PBXFrameworksBuildPhase section */

/* Begin PBXGroup section */
		2D86D83B18BBDF980053D1DC = {
			isa = PBXGroup;
			children = (
				2D86D84F18BBDF980053D1DC /* Amazing Bird */,
				2D86D84618BBDF980053D1DC /* Frameworks */,
				2D86D84518BBDF980053D1DC /* Products */,
			);
			sourceTree = "<group>";
		};
		2D86D84518BBDF980053D1DC /* Products */ = {
			isa = PBXGroup;
			children = (
				2D86D84418BBDF980053D1DC /* Amazing Bird.app */,
			);
			name = Products;
			sourceTree = "<group>";
		};
		2D86D84618BBDF980053D1DC /* Frameworks */ = {
			isa = PBXGroup;
			children = (
				2DDBBF9618CB818B0077CBFD /* AVFoundation.framework */,
				2DDBBF9418CB81840077CBFD /* AudioToolbox.framework */,
				2D86D84718BBDF980053D1DC /* Foundation.framework */,
				2D86D84918BBDF980053D1DC /* CoreGraphics.framework */,
				2D86D84B18BBDF980053D1DC /* UIKit.framework */,
				2D86D84D18BBDF980053D1DC /* SpriteKit.framework */,
				2D86D87018BBDF990053D1DC /* XCTest.framework */,
			);
			name = Frameworks;
			sourceTree = "<group>";
		};
		2D86D84F18BBDF980053D1DC /* Amazing Bird */ = {
			isa = PBXGroup;
			children = (
				2DC790D118C4ECE200CF44BC /* Classes */,
				2D86D85B18BBDF980053D1DC /* Main_iPhone.storyboard */,
				AFB857AC2F6C7F6500689896 /* LaunchScreen.storyboard */,
				2D3B620418CE839100BFEC6A /* Main_iPad.storyboard */,
				2D86D86918BBDF980053D1DC /* Images.xcassets */,
				2D86D85018BBDF980053D1DC /* Supporting Files */,
			);
			path = "Amazing Bird";
			sourceTree = "<group>";
		};
		2D86D85018BBDF980053D1DC /* Supporting Files */ = {
			isa = PBXGroup;
			children = (
				2D86D85118BBDF980053D1DC /* Amazing Bird-Info.plist */,
				2D86D85218BBDF980053D1DC /* InfoPlist.strings */,
			);
			name = "Supporting Files";
			sourceTree = "<group>";
		};
		2DC790D118C4ECE200CF44BC /* Classes */ = {
			isa = PBXGroup;
			children = (
				AF2501FB2F6CAB0700100C96 /* ABAppDelegate.swift */,
				AF2501FC2F6CAB0700100C96 /* ABCloud.swift */,
				AF2501FD2F6CAB0700100C96 /* ABGameCharacter.swift */,
				AF2501FE2F6CAB0700100C96 /* ABGameScene.swift */,
				AF2501FF2F6CAB0700100C96 /* ABNormalBird.swift */,
				AF2502002F6CAB0700100C96 /* ABPlayer.swift */,
				AF2502012F6CAB0700100C96 /* ABSceneDelegate.swift */,
				AF2502022F6CAB0700100C96 /* ABStarField.swift */,
				AF2502032F6CAB0700100C96 /* ABViewController.swift */,
				2DC790D618C4ECE200CF44BC /* Assets */,
			);
			path = Classes;
			sourceTree = "<group>";
		};
		2DC790D618C4ECE200CF44BC /* Assets */ = {
			isa = PBXGroup;
			children = (
				2DC790D718C4ECE200CF44BC /* bird_anim.atlas */,
				2DC790D818C4ECE200CF44BC /* Fonts */,
				2DC790DC18C4ECE200CF44BC /* sprites.atlas */,
			);
			path = Assets;
			sourceTree = "<group>";
		};
		2DC790D818C4ECE200CF44BC /* Fonts */ = {
			isa = PBXGroup;
			children = (
				2D2EDBEC18CEB94D0091C21F /* ScoreFont.atlas */,
				2D2EDBED18CEB94D0091C21F /* ScoreFont.xml */,
				2D2EDBEE18CEB94D0091C21F /* ScoreFont@2x~ipad.xml */,
				2D2EDBEF18CEB94D0091C21F /* ScoreFont@2x~iphone.xml */,
				2D2EDBF018CEB94D0091C21F /* ScoreFont~ipad.xml */,
			);
			path = Fonts;
			sourceTree = "<group>";
		};
/* End PBXGroup section */

/* Begin PBXNativeTarget section */
		2D86D84318BBDF980053D1DC /* Amazing Bird */ = {
			isa = PBXNativeTarget;
			buildConfigurationList = 2D86D88018BBDF990053D1DC /* Build configuration list for PBXNativeTarget "Amazing Bird" */;
			buildPhases = (
				2D86D84018BBDF980053D1DC /* Sources */,
				2D86D84118BBDF980053D1DC /* Frameworks */,
				2D86D84218BBDF980053D1DC /* Resources */,
			);
			buildRules = (
			);
			dependencies = (
			);
			name = "Amazing Bird";
			productName = "Amazing Bird";
			productReference = 2D86D84418BBDF980053D1DC /* Amazing Bird.app */;
			productType = "com.apple.product-type.application";
		};
/* End PBXNativeTarget section */

/* Begin PBXProject section */
		2D86D83C18BBDF980053D1DC /* Project object */ = {
			isa = PBXProject;
			attributes = {
				CLASSPREFIX = AB;
				LastUpgradeCheck = 0510;
				ORGANIZATIONNAME = ChristianEnevoldsen;
				TargetAttributes = {
					2D86D84318BBDF980053D1DC = {
						DevelopmentTeam = LL64L3BC76;
						LastSwiftMigration = 2630;
					};
				};
			};
			buildConfigurationList = 2D86D83F18BBDF980053D1DC /* Build configuration list for PBXProject "Amazing Bird" */;
			compatibilityVersion = "Xcode 3.2";
			developmentRegion = English;
			hasScannedForEncodings = 0;
			knownRegions = (
				English,
				en,
				Base,
			);
			mainGroup = 2D86D83B18BBDF980053D1DC;
			productRefGroup = 2D86D84518BBDF980053D1DC /* Products */;
			projectDirPath = "";
			projectRoot = "";
			targets = (
				2D86D84318BBDF980053D1DC /* Amazing Bird */,
			);
		};
/* End PBXProject section */

/* Begin PBXResourcesBuildPhase section */
		2D86D84218BBDF980053D1DC /* Resources */ = {
			isa = PBXResourcesBuildPhase;
			buildActionMask = 2147483647;
			files = (
				2D86D86A18BBDF980053D1DC /* Images.xcassets in Resources */,
				2D86D85D18BBDF980053D1DC /* Main_iPhone.storyboard in Resources */,
				2DC790FE18C4ECE200CF44BC /* sprites.atlas in Resources */,
				2D2EDBF118CEB94D0091C21F /* ScoreFont.atlas in Resources */,
				2D3B620618CE839100BFEC6A /* Main_iPad.storyboard in Resources */,
				2D86D85418BBDF980053D1DC /* InfoPlist.strings in Resources */,
				2D2EDBF318CEB94D0091C21F /* ScoreFont@2x~ipad.xml in Resources */,
				2DC790FA18C4ECE200CF44BC /* bird_anim.atlas in Resources */,
				2D2EDBF418CEB94D0091C21F /* ScoreFont@2x~iphone.xml in Resources */,
				AFB857AE2F6C7F6500689896 /* LaunchScreen.storyboard in Resources */,
				2D2EDBF218CEB94D0091C21F /* ScoreFont.xml in Resources */,
				2D2EDBF518CEB94D0091C21F /* ScoreFont~ipad.xml in Resources */,
			);
			runOnlyForDeploymentPostprocessing = 0;
		};
/* End PBXResourcesBuildPhase section */

/* Begin PBXSourcesBuildPhase section */
		2D86D84018BBDF980053D1DC /* Sources */ = {
			isa = PBXSourcesBuildPhase;
			buildActionMask = 2147483647;
			files = (
				AF2502042F6CAB0700100C96 /* ABGameScene.swift in Sources */,
				AF2502052F6CAB0700100C96 /* ABPlayer.swift in Sources */,
				AF2502062F6CAB0700100C96 /* ABNormalBird.swift in Sources */,
				AF2502072F6CAB0700100C96 /* ABGameCharacter.swift in Sources */,
				AF2502082F6CAB0700100C96 /* ABSceneDelegate.swift in Sources */,
				AF2502092F6CAB0700100C96 /* ABStarField.swift in Sources */,
				AF25020A2F6CAB0700100C96 /* ABAppDelegate.swift in Sources */,
				AF25020B2F6CAB0700100C96 /* ABViewController.swift in Sources */,
				AF25020C2F6CAB0700100C96 /* ABCloud.swift in Sources */,
			);
			runOnlyForDeploymentPostprocessing = 0;
		};
/* End PBXSourcesBuildPhase section */

/* Begin PBXVariantGroup section */
		2D3B620418CE839100BFEC6A /* Main_iPad.storyboard */ = {
			isa = PBXVariantGroup;
			children = (
				2D3B620518CE839100BFEC6A /* Base */,
			);
			name = Main_iPad.storyboard;
			sourceTree = "<group>";
		};
		2D86D85218BBDF980053D1DC /* InfoPlist.strings */ = {
			isa = PBXVariantGroup;
			children = (
				2D86D85318BBDF980053D1DC /* en */,
			);
			name = InfoPlist.strings;
			sourceTree = "<group>";
		};
		2D86D85B18BBDF980053D1DC /* Main_iPhone.storyboard */ = {
			isa = PBXVariantGroup;
			children = (
				2D86D85C18BBDF980053D1DC /* Base */,
			);
			name = Main_iPhone.storyboard;
			sourceTree = "<group>";
		};
		AFB857AC2F6C7F6500689896 /* LaunchScreen.storyboard */ = {
			isa = PBXVariantGroup;
			children = (
				AFB857AD2F6C7F6500689896 /* Base */,
			);
			name = LaunchScreen.storyboard;
			sourceTree = "<group>";
		};
/* End PBXVariantGroup section */

/* Begin XCBuildConfiguration section */
		2D86D87E18BBDF990053D1DC /* Debug */ = {
			isa = XCBuildConfiguration;
			buildSettings = {
				ALWAYS_SEARCH_USER_PATHS = NO;
				CLANG_CXX_LANGUAGE_STANDARD = "gnu++0x";
				CLANG_CXX_LIBRARY = "libc++";
				CLANG_ENABLE_MODULES = YES;
				CLANG_ENABLE_OBJC_ARC = YES;
				CLANG_WARN_BOOL_CONVERSION = YES;
				CLANG_WARN_CONSTANT_CONVERSION = YES;
				CLANG_WARN_DIRECT_OBJC_ISA_USAGE = YES_ERROR;
				CLANG_WARN_EMPTY_BODY = YES;
				CLANG_WARN_ENUM_CONVERSION = YES;
				CLANG_WARN_INT_CONVERSION = YES;
				CLANG_WARN_OBJC_ROOT_CLASS = YES_ERROR;
				CLANG_WARN__DUPLICATE_METHOD_MATCH = YES;
				"CODE_SIGN_IDENTITY[sdk=iphoneos*]" = "iPhone Developer";
				COPY_PHASE_STRIP = NO;
				GCC_C_LANGUAGE_STANDARD = gnu99;
				GCC_DYNAMIC_NO_PIC = NO;
				GCC_OPTIMIZATION_LEVEL = 0;
				GCC_PREPROCESSOR_DEFINITIONS = (
					"DEBUG=1",
					"$(inherited)",
				);
				GCC_SYMBOLS_PRIVATE_EXTERN = NO;
				GCC_WARN_64_TO_32_BIT_CONVERSION = YES;
				GCC_WARN_ABOUT_RETURN_TYPE = YES_ERROR;
				GCC_WARN_UNDECLARED_SELECTOR = YES;
				GCC_WARN_UNINITIALIZED_AUTOS = YES_AGGRESSIVE;
				GCC_WARN_UNUSED_FUNCTION = YES;
				GCC_WARN_UNUSED_VARIABLE = YES;
				IPHONEOS_DEPLOYMENT_TARGET = 7.1;
				ONLY_ACTIVE_ARCH = YES;
				SDKROOT = iphoneos;
				TARGETED_DEVICE_FAMILY = "1,2";
			};
			name = Debug;
		};
		2D86D87F18BBDF990053D1DC /* Release */ = {
			isa = XCBuildConfiguration;
			buildSettings = {
				ALWAYS_SEARCH_USER_PATHS = NO;
				CLANG_CXX_LANGUAGE_STANDARD = "gnu++0x";
				CLANG_CXX_LIBRARY = "libc++";
				CLANG_ENABLE_MODULES = YES;
				CLANG_ENABLE_OBJC_ARC = YES;
				CLANG_WARN_BOOL_CONVERSION = YES;
				CLANG_WARN_CONSTANT_CONVERSION = YES;
				CLANG_WARN_DIRECT_OBJC_ISA_USAGE = YES_ERROR;
				CLANG_WARN_EMPTY_BODY = YES;
				CLANG_WARN_ENUM_CONVERSION = YES;
				CLANG_WARN_INT_CONVERSION = YES;
				CLANG_WARN_OBJC_ROOT_CLASS = YES_ERROR;
				CLANG_WARN__DUPLICATE_METHOD_MATCH = YES;
				"CODE_SIGN_IDENTITY[sdk=iphoneos*]" = "iPhone Developer";
				COPY_PHASE_STRIP = YES;
				ENABLE_NS_ASSERTIONS = NO;
				GCC_C_LANGUAGE_STANDARD = gnu99;
				GCC_WARN_64_TO_32_BIT_CONVERSION = YES;
				GCC_WARN_ABOUT_RETURN_TYPE = YES_ERROR;
				GCC_WARN_UNDECLARED_SELECTOR = YES;
				GCC_WARN_UNINITIALIZED_AUTOS = YES_AGGRESSIVE;
				GCC_WARN_UNUSED_FUNCTION = YES;
				GCC_WARN_UNUSED_VARIABLE = YES;
				IPHONEOS_DEPLOYMENT_TARGET = 7.1;
				SDKROOT = iphoneos;
				TARGETED_DEVICE_FAMILY = "1,2";
				VALIDATE_PRODUCT = YES;
			};
			name = Release;
		};
		2D86D88118BBDF990053D1DC /* Debug */ = {
			isa = XCBuildConfiguration;
			buildSettings = {
				ASSETCATALOG_COMPILER_APPICON_NAME = AppIcon;
				ASSETCATALOG_COMPILER_LAUNCHIMAGE_NAME = LaunchImage;
				CLANG_ENABLE_MODULES = YES;
				CODE_SIGN_IDENTITY = "iPhone Developer";
				DEVELOPMENT_TEAM = LL64L3BC76;
				GCC_PRECOMPILE_PREFIX_HEADER = NO;
				GCC_PREFIX_HEADER = "";
				INFOPLIST_FILE = "Amazing Bird/Amazing Bird-Info.plist";
				IPHONEOS_DEPLOYMENT_TARGET = 15.6;
				LIBRARY_SEARCH_PATHS = (
					"$(SRCROOT)/**",
					"$(inherited)",
				);
				PRODUCT_BUNDLE_IDENTIFIER = "com.enevoldsen.Amazing-Bird-1";
				PRODUCT_NAME = "$(TARGET_NAME)";
				SPRITEKIT_TEXTURE_ATLAS_OUTPUT = YES;
				SWIFT_OPTIMIZATION_LEVEL = "-Onone";
				SWIFT_VERSION = 6.0;
				TARGETED_DEVICE_FAMILY = "1,2";
				WRAPPER_EXTENSION = app;
			};
			name = Debug;
		};
		2D86D88218BBDF990053D1DC /* Release */ = {
			isa = XCBuildConfiguration;
			buildSettings = {
				ASSETCATALOG_COMPILER_APPICON_NAME = AppIcon;
				ASSETCATALOG_COMPILER_LAUNCHIMAGE_NAME = LaunchImage;
				CLANG_ENABLE_MODULES = YES;
				CODE_SIGN_IDENTITY = "iPhone Developer";
				DEVELOPMENT_TEAM = LL64L3BC76;
				GCC_PRECOMPILE_PREFIX_HEADER = NO;
				GCC_PREFIX_HEADER = "";
				INFOPLIST_FILE = "Amazing Bird/Amazing Bird-Info.plist";
				IPHONEOS_DEPLOYMENT_TARGET = 15.6;
				LIBRARY_SEARCH_PATHS = (
					"$(SRCROOT)/**",
					"$(inherited)",
				);
				PRODUCT_BUNDLE_IDENTIFIER = "com.enevoldsen.Amazing-Bird-1";
				PRODUCT_NAME = "$(TARGET_NAME)";
				SPRITEKIT_TEXTURE_ATLAS_OUTPUT = YES;
				SWIFT_VERSION = 6.0;
				TARGETED_DEVICE_FAMILY = "1,2";
				WRAPPER_EXTENSION = app;
			};
			name = Release;
		};
/* End XCBuildConfiguration section */

/* Begin XCConfigurationList section */
		2D86D83F18BBDF980053D1DC /* Build configuration list for PBXProject "Amazing Bird" */ = {
			isa = XCConfigurationList;
			buildConfigurations = (
				2D86D87E18BBDF990053D1DC /* Debug */,
				2D86D87F18BBDF990053D1DC /* Release */,
			);
			defaultConfigurationIsVisible = 0;
			defaultConfigurationName = Release;
		};
		2D86D88018BBDF990053D1DC /* Build configuration list for PBXNativeTarget "Amazing Bird" */ = {
			isa = XCConfigurationList;
			buildConfigurations = (
				2D86D88118BBDF990053D1DC /* Debug */,
				2D86D88218BBDF990053D1DC /* Release */,
			);
			defaultConfigurationIsVisible = 0;
			defaultConfigurationName = Release;
		};
/* End XCConfigurationList section */
	};
	rootObject = 2D86D83C18BBDF980053D1DC /* Project object */;
}
